// !$*UTF8*$!
{
	archiveVersion = 1;
	classes = {
	};
	objectVersion = 77;
	objects = {

/* Begin PBXContainerItemProxy section */
		AB2013652CBDA65C008D73A7 /* PBXContainerItemProxy */ = {
			isa = PBXContainerItemProxy;
			containerPortal = AB20134C2CBDA659008D73A7 /* Project object */;
			proxyType = 1;
			remoteGlobalIDString = AB2013532CBDA659008D73A7;
			remoteInfo = SwingMonitor;
		};
		AB20136F2CBDA65C008D73A7 /* PBXContainerItemProxy */ = {
			isa = PBXContainerItemProxy;
			containerPortal = AB20134C2CBDA659008D73A7 /* Project object */;
			proxyType = 1;
			remoteGlobalIDString = AB2013532CBDA659008D73A7;
			remoteInfo = SwingMonitor;
		};
/* End PBXContainerItemProxy section */

/* Begin PBXFileReference section */
		AB2013542CBDA659008D73A7 /* SwingMonitor.app */ = {isa = PBXFileReference; explicitFileType = wrapper.application; includeInIndex = 0; path = SwingMonitor.app; sourceTree = BUILT_PRODUCTS_DIR; };
		AB2013642CBDA65C008D73A7 /* SwingMonitorTests.xctest */ = {isa = PBXFileReference; explicitFileType = wrapper.cfbundle; includeInIndex = 0; path = SwingMonitorTests.xctest; sourceTree = BUILT_PRODUCTS_DIR; };
		AB20136E2CBDA65C008D73A7 /* SwingMonitorUITests.xctest */ = {isa = PBXFileReference; explicitFileType = wrapper.cfbundle; includeInIndex = 0; path = SwingMonitorUITests.xctest; sourceTree = BUILT_PRODUCTS_DIR; };
/* End PBXFileReference section */

/* Begin PBXFileSystemSynchronizedBuildFileExceptionSet section */
		AB2013882CBDBF96008D73A7 /* Exceptions for "SwingMonitor" folder in "SwingMonitor" target */ = {
			isa = PBXFileSystemSynchronizedBuildFileExceptionSet;
			membershipExceptions = (
				Info.plist,
			);
			target = AB2013532CBDA659008D73A7 /* SwingMonitor */;
		};
/* End PBXFileSystemSynchronizedBuildFileExceptionSet section */

/* Begin PBXFileSystemSynchronizedRootGroup section */
		AB2013562CBDA659008D73A7 /* SwingMonitor */ = {
			isa = PBXFileSystemSynchronizedRootGroup;
			exceptions = (
				AB2013882CBDBF96008D73A7 /* Exceptions for "SwingMonitor" folder in "SwingMonitor" target */,
			);
			path = SwingMonitor;
			sourceTree = "<group>";
		};
		AB2013672CBDA65C008D73A7 /* SwingMonitorTests */ = {
			isa = PBXFileSystemSynchronizedRootGroup;
			path = SwingMonitorTests;
			sourceTree = "<group>";
		};
		AB2013712CBDA65C008D73A7 /* SwingMonitorUITests */ = {
			isa = PBXFileSystemSynchronizedRootGroup;
			path = SwingMonitorUITests;
			sourceTree = "<group>";
		};
/* End PBXFileSystemSynchronizedRootGroup section */

/* Begin PBXFrameworksBuildPhase section */
		AB2013512CBDA659008D73A7 /* Frameworks */ = {
			isa = PBXFrameworksBuildPhase;
			buildActionMask = 2147483647;
			files = (
			);
			runOnlyForDeploymentPostprocessing = 0;
		};
		AB2013612CBDA65C008D73A7 /* Frameworks */ = {
			isa = PBXFrameworksBuildPhase;
			buildActionMask = 2147483647;
			files = (
			);
			runOnlyForDeploymentPostprocessing = 0;
		};
		AB20136B2CBDA65C008D73A7 /* Frameworks */ = {
			isa = PBXFrameworksBuildPhase;
			buildActionMask = 2147483647;
			files = (
			);
			runOnlyForDeploymentPostprocessing = 0;
		};
/* End PBXFrameworksBuildPhase section */

/* Begin PBXGroup section */
		AB20134B2CBDA659008D73A7 = {
			isa = PBXGroup;
			children = (
				AB2013562CBDA659008D73A7 /* SwingMonitor */,
				AB2013672CBDA65C008D73A7 /* SwingMonitorTests */,
				AB2013712CBDA65C008D73A7 /* SwingMonitorUITests */,
				AB2013552CBDA659008D73A7 /* Products */,
			);
			sourceTree = "<group>";
		};
		AB2013552CBDA659008D73A7 /* Products */ = {
			isa = PBXGroup;
			children = (
				AB2013542CBDA659008D73A7 /* SwingMonitor.app */,
				AB2013642CBDA65C008D73A7 /* SwingMonitorTests.xctest */,
				AB20136E2CBDA65C008D73A7 /* SwingMonitorUITests.xctest */,
			);
			name = Products;
			sourceTree = "<group>";
		};
/* End PBXGroup section */

/* Begin PBXNativeTarget section */
		AB2013532CBDA659008D73A7 /* SwingMonitor */ = {
			isa = PBXNativeTarget;
			buildConfigurationList = AB2013782CBDA65C008D73A7 /* Build configuration list for PBXNativeTarget "SwingMonitor" */;
			buildPhases = (
				AB2013502CBDA659008D73A7 /* Sources */,
				AB2013512CBDA659008D73A7 /* Frameworks */,
				AB2013522CBDA659008D73A7 /* Resources */,
			);
			buildRules = (
			);
			dependencies = (
			);
			fileSystemSynchronizedGroups = (
				AB2013562CBDA659008D73A7 /* SwingMonitor */,
			);
			name = SwingMonitor;
			packageProductDependencies = (
			);
			productName = SwingMonitor;
			productReference = AB2013542CBDA659008D73A7 /* SwingMonitor.app */;
			productType = "com.apple.product-type.application";
		};
		AB2013632CBDA65C008D73A7 /* SwingMonitorTests */ = {
			isa = PBXNativeTarget;
			buildConfigurationList = AB20137B2CBDA65C008D73A7 /* Build configuration list for PBXNativeTarget "SwingMonitorTests" */;
			buildPhases = (
				AB2013602CBDA65C008D73A7 /* Sources */,
				AB2013612CBDA65C008D73A7 /* Frameworks */,
				AB2013622CBDA65C008D73A7 /* Resources */,
			);
			buildRules = (
			);
			dependencies = (
				AB2013662CBDA65C008D73A7 /* PBXTargetDependency */,
			);
			fileSystemSynchronizedGroups = (
				AB2013672CBDA65C008D73A7 /* SwingMonitorTests */,
			);
			name = SwingMonitorTests;
			packageProductDependencies = (
			);
			productName = SwingMonitorTests;
			productReference = AB2013642CBDA65C008D73A7 /* SwingMonitorTests.xctest */;
			productType = "com.apple.product-type.bundle.unit-test";
		};
		AB20136D2CBDA65C008D73A7 /* SwingMonitorUITests */ = {
			isa = PBXNativeTarget;
			buildConfigurationList = AB20137E2CBDA65C008D73A7 /* Build configuration list for PBXNativeTarget "SwingMonitorUITests" */;
			buildPhases = (
				AB20136A2CBDA65C008D73A7 /* Sources */,
				AB20136B2CBDA65C008D73A7 /* Frameworks */,
				AB20136C2CBDA65C008D73A7 /* Resources */,
			);
			buildRules = (
			);
			dependencies = (
				AB2013702CBDA65C008D73A7 /* PBXTargetDependency */,
			);
			fileSystemSynchronizedGroups = (
				AB2013712CBDA65C008D73A7 /* SwingMonitorUITests */,
			);
			name = SwingMonitorUITests;
			packageProductDependencies = (
			);
			productName = SwingMonitorUITests;
			productReference = AB20136E2CBDA65C008D73A7 /* SwingMonitorUITests.xctest */;
			productType = "com.apple.product-type.bundle.ui-testing";
		};
/* End PBXNativeTarget section */

/* Begin PBXProject section */
		AB20134C2CBDA659008D73A7 /* Project object */ = {
			isa = PBXProject;
			attributes = {
				BuildIndependentTargetsInParallel = 1;
				LastSwiftUpdateCheck = 1600;
				LastUpgradeCheck = 1600;
				TargetAttributes = {
					AB2013532CBDA659008D73A7 = {
						CreatedOnToolsVersion = 16.0;
					};
					AB2013632CBDA65C008D73A7 = {
						CreatedOnToolsVersion = 16.0;
						TestTargetID = AB2013532CBDA659008D73A7;
					};
					AB20136D2CBDA65C008D73A7 = {
						CreatedOnToolsVersion = 16.0;
						TestTargetID = AB2013532CBDA659008D73A7;
					};
				};
			};
			buildConfigurationList = AB20134F2CBDA659008D73A7 /* Build configuration list for PBXProject "SwingMonitor" */;
			developmentRegion = en;
			hasScannedForEncodings = 0;
			knownRegions = (
				en,
				Base,
			);
			mainGroup = AB20134B2CBDA659008D73A7;
			minimizedProjectReferenceProxies = 1;
			preferredProjectObjectVersion = 77;
			productRefGroup = AB2013552CBDA659008D73A7 /* Products */;
			projectDirPath = "";
			projectRoot = "";
			targets = (
				AB2013532CBDA659008D73A7 /* SwingMonitor */,
				AB2013632CBDA65C008D73A7 /* SwingMonitorTests */,
				AB20136D2CBDA65C008D73A7 /* SwingMonitorUITests */,
			);
		};
/* End PBXProject section */

/* Begin PBXResourcesBuildPhase section */
		AB2013522CBDA659008D73A7 /* Resources */ = {
			isa = PBXResourcesBuildPhase;
			buildActionMask = 2147483647;
			files = (
			);
			runOnlyForDeploymentPostprocessing = 0;
		};
		AB2013622CBDA65C008D73A7 /* Resources */ = {
			isa = PBXResourcesBuildPhase;
			buildActionMask = 2147483647;
			files = (
			);
			runOnlyForDeploymentPostprocessing = 0;
		};
		AB20136C2CBDA65C008D73A7 /* Resources */ = {
			isa = PBXResourcesBuildPhase;
			buildActionMask = 2147483647;
			files = (
			);
			runOnlyForDeploymentPostprocessing = 0;
		};
/* End PBXResourcesBuildPhase section */

/* Begin PBXSourcesBuildPhase section */
		AB2013502CBDA659008D73A7 /* Sources */ = {
			isa = PBXSourcesBuildPhase;
			buildActionMask = 2147483647;
			files = (
			);
			runOnlyForDeploymentPostprocessing = 0;
		};
		AB2013602CBDA65C008D73A7 /* Sources */ = {
			isa = PBXSourcesBuildPhase;
			buildActionMask = 2147483647;
			files = (
			);
			runOnlyForDeploymentPostprocessing = 0;
		};
		AB20136A2CBDA65C008D73A7 /* Sources */ = {
			isa = PBXSourcesBuildPhase;
			buildActionMask = 2147483647;
			files = (
			);
			runOnlyForDeploymentPostprocessing = 0;
		};
/* End PBXSourcesBuildPhase section */

/* Begin PBXTargetDependency section */
		AB2013662CBDA65C008D73A7 /* PBXTargetDependency */ = {
			isa = PBXTargetDependency;
			target = AB2013532CBDA659008D73A7 /* SwingMonitor */;
			targetProxy = AB2013652CBDA65C008D73A7 /* PBXContainerItemProxy */;
		};
		AB2013702CBDA65C008D73A7 /* PBXTargetDependency */ = {
			isa = PBXTargetDependency;
			target = AB2013532CBDA659008D73A7 /* SwingMonitor */;
			targetProxy = AB20136F2CBDA65C008D73A7 /* PBXContainerItemProxy */;
		};
/* End PBXTargetDependency section */

/* Begin XCBuildConfiguration section */
		AB2013762CBDA65C008D73A7 /* Debug */ = {
			isa = XCBuildConfiguration;
			buildSettings = {
				ALWAYS_SEARCH_USER_PATHS = NO;
				ASSETCATALOG_COMPILER_GENERATE_SWIFT_ASSET_SYMBOL_EXTENSIONS = YES;
				CLANG_ANALYZER_NONNULL = YES;
				CLANG_ANALYZER_NUMBER_OBJECT_CONVERSION = YES_AGGRESSIVE;
				CLANG_CXX_LANGUAGE_STANDARD = "gnu++20";
				CLANG_ENABLE_MODULES = YES;
				CLANG_ENABLE_OBJC_ARC = YES;
				CLANG_ENABLE_OBJC_WEAK = YES;
				CLANG_WARN_BLOCK_CAPTURE_AUTORELEASING = YES;
				CLANG_WARN_BOOL_CONVERSION = YES;
				CLANG_WARN_COMMA = YES;
				CLANG_WARN_CONSTANT_CONVERSION = YES;
				CLANG_WARN_DEPRECATED_OBJC_IMPLEMENTATIONS = YES;
				CLANG_WARN_DIRECT_OBJC_ISA_USAGE = YES_ERROR;
				CLANG_WARN_DOCUMENTATION_COMMENTS = YES;
				CLANG_WARN_EMPTY_BODY = YES;
				CLANG_WARN_ENUM_CONVERSION = YES;
				CLANG_WARN_INFINITE_RECURSION = YES;
				CLANG_WARN_INT_CONVERSION = YES;
				CLANG_WARN_NON_LITERAL_NULL_CONVERSION = YES;
				CLANG_WARN_OBJC_IMPLICIT_RETAIN_SELF = YES;
				CLANG_WARN_OBJC_LITERAL_CONVERSION = YES;
				CLANG_WARN_OBJC_ROOT_CLASS = YES_ERROR;
				CLANG_WARN_QUOTED_INCLUDE_IN_FRAMEWORK_HEADER = YES;
				CLANG_WARN_RANGE_LOOP_ANALYSIS = YES;
				CLANG_WARN_STRICT_PROTOTYPES = YES;
				CLANG_WARN_SUSPICIOUS_MOVE = YES;
				CLANG_WARN_UNGUARDED_AVAILABILITY = YES_AGGRESSIVE;
				CLANG_WARN_UNREACHABLE_CODE = YES;
				CLANG_WARN__DUPLICATE_METHOD_MATCH = YES;
				COPY_PHASE_STRIP = NO;
				DEBUG_INFORMATION_FORMAT = dwarf;
				ENABLE_STRICT_OBJC_MSGSEND = YES;
				ENABLE_TESTABILITY = YES;
				ENABLE_USER_SCRIPT_SANDBOXING = YES;
				GCC_C_LANGUAGE_STANDARD = gnu17;
				GCC_DYNAMIC_NO_PIC = NO;
				GCC_NO_COMMON_BLOCKS = YES;
				GCC_OPTIMIZATION_LEVEL = 0;
				GCC_PREPROCESSOR_DEFINITIONS = (
					"DEBUG=1",
					"$(inherited)",
				);
				GCC_WARN_64_TO_32_BIT_CONVERSION = YES;
				GCC_WARN_ABOUT_RETURN_TYPE = YES_ERROR;
				GCC_WARN_UNDECLARED_SELECTOR = YES;
				GCC_WARN_UNINITIALIZED_AUTOS = YES_AGGRESSIVE;
				GCC_WARN_UNUSED_FUNCTION = YES;
				GCC_WARN_UNUSED_VARIABLE = YES;
				IPHONEOS_DEPLOYMENT_TARGET = 18.0;
				LOCALIZATION_PREFERS_STRING_CATALOGS = YES;
				MTL_ENABLE_DEBUG_INFO = INCLUDE_SOURCE;
				MTL_FAST_MATH = YES;
				ONLY_ACTIVE_ARCH = YES;
				SDKROOT = iphoneos;
				SWIFT_ACTIVE_COMPILATION_CONDITIONS = "DEBUG $(inherited)";
				SWIFT_OPTIMIZATION_LEVEL = "-Onone";
			};
			name = Debug;
		};
		AB2013772CBDA65C008D73A7 /* Release */ = {
			isa = XCBuildConfiguration;
			buildSettings = {
				ALWAYS_SEARCH_USER_PATHS = NO;
				ASSETCATALOG_COMPILER_GENERATE_SWIFT_ASSET_SYMBOL_EXTENSIONS = YES;
				CLANG_ANALYZER_NONNULL = YES;
				CLANG_ANALYZER_NUMBER_OBJECT_CONVERSION = YES_AGGRESSIVE;
				CLANG_CXX_LANGUAGE_STANDARD = "gnu++20";
				CLANG_ENABLE_MODULES = YES;
				CLANG_ENABLE_OBJC_ARC = YES;
				CLANG_ENABLE_OBJC_WEAK = YES;
				CLANG_WARN_BLOCK_CAPTURE_AUTORELEASING = YES;
				CLANG_WARN_BOOL_CONVERSION = YES;
				CLANG_WARN_COMMA = YES;
				CLANG_WARN_CONSTANT_CONVERSION = YES;
				CLANG_WARN_DEPRECATED_OBJC_IMPLEMENTATIONS = YES;
				CLANG_WARN_DIRECT_OBJC_ISA_USAGE = YES_ERROR;
				CLANG_WARN_DOCUMENTATION_COMMENTS = YES;
				CLANG_WARN_EMPTY_BODY = YES;
				CLANG_WARN_ENUM_CONVERSION = YES;
				CLANG_WARN_INFINITE_RECURSION = YES;
				CLANG_WARN_INT_CONVERSION = YES;
				CLANG_WARN_NON_LITERAL_NULL_CONVERSION = YES;
				CLANG_WARN_OBJC_IMPLICIT_RETAIN_SELF = YES;
				CLANG_WARN_OBJC_LITERAL_CONVERSION = YES;
				CLANG_WARN_OBJC_ROOT_CLASS = YES_ERROR;
				CLANG_WARN_QUOTED_INCLUDE_IN_FRAMEWORK_HEADER = YES;
				CLANG_WARN_RANGE_LOOP_ANALYSIS = YES;
				CLANG_WARN_STRICT_PROTOTYPES = YES;
				CLANG_WARN_SUSPICIOUS_MOVE = YES;
				CLANG_WARN_UNGUARDED_AVAILABILITY = YES_AGGRESSIVE;
				CLANG_WARN_UNREACHABLE_CODE = YES;
				CLANG_WARN__DUPLICATE_METHOD_MATCH = YES;
				COPY_PHASE_STRIP = NO;
				DEBUG_INFORMATION_FORMAT = "dwarf-with-dsym";
				ENABLE_NS_ASSERTIONS = NO;
				ENABLE_STRICT_OBJC_MSGSEND = YES;
				ENABLE_USER_SCRIPT_SANDBOXING = YES;
				GCC_C_LANGUAGE_STANDARD = gnu17;
				GCC_NO_COMMON_BLOCKS = YES;
				GCC_WARN_64_TO_32_BIT_CONVERSION = YES;
				GCC_WARN_ABOUT_RETURN_TYPE = YES_ERROR;
				GCC_WARN_UNDECLARED_SELECTOR = YES;
				GCC_WARN_UNINITIALIZED_AUTOS = YES_AGGRESSIVE;
				GCC_WARN_UNUSED_FUNCTION = YES;
				GCC_WARN_UNUSED_VARIABLE = YES;
				IPHONEOS_DEPLOYMENT_TARGET = 18.0;
				LOCALIZATION_PREFERS_STRING_CATALOGS = YES;
				MTL_ENABLE_DEBUG_INFO = NO;
				MTL_FAST_MATH = YES;
				SDKROOT = iphoneos;
				SWIFT_COMPILATION_MODE = wholemodule;
				VALIDATE_PRODUCT = YES;
			};
			name = Release;
		};
		AB2013792CBDA65C008D73A7 /* Debug */ = {
			isa = XCBuildConfiguration;
			buildSettings = {
				ASSETCATALOG_COMPILER_APPICON_NAME = AppIcon;
				ASSETCATALOG_COMPILER_GLOBAL_ACCENT_COLOR_NAME = AccentColor;
				CODE_SIGN_STYLE = Automatic;
				CURRENT_PROJECT_VERSION = 1;
				DEVELOPMENT_ASSET_PATHS = "\"SwingMonitor/Preview Content\"";
				DEVELOPMENT_TEAM = M8626F4MGC;
				ENABLE_PREVIEWS = YES;
				GENERATE_INFOPLIST_FILE = YES;
				INFOPLIST_FILE = SwingMonitor/Info.plist;
				INFOPLIST_KEY_UIApplicationSceneManifest_Generation = YES;
				INFOPLIST_KEY_UIApplicationSupportsIndirectInputEvents = YES;
				INFOPLIST_KEY_UILaunchScreen_Generation = YES;
				INFOPLIST_KEY_UISupportedInterfaceOrientations_iPad = "UIInterfaceOrientationPortrait UIInterfaceOrientationPortraitUpsideDown UIInterfaceOrientationLandscapeLeft UIInterfaceOrientationLandscapeRight";
				INFOPLIST_KEY_UISupportedInterfaceOrientations_iPhone = "UIInterfaceOrientationPortrait UIInterfaceOrientationLandscapeLeft UIInterfaceOrientationLandscapeRight";
				LD_RUNPATH_SEARCH_PATHS = (
					"$(inherited)",
					"@executable_path/Frameworks",
				);
				MARKETING_VERSION = 1.0;
				PRODUCT_BUNDLE_IDENTIFIER = koukia.SwingMonitor;
				PRODUCT_NAME = "$(TARGET_NAME)";
				SWIFT_EMIT_LOC_STRINGS = YES;
				SWIFT_VERSION = 5.0;
				TARGETED_DEVICE_FAMILY = "1,2";
			};
			name = Debug;
		};
		AB20137A2CBDA65C008D73A7 /* Release */ = {
			isa = XCBuildConfiguration;
			buildSettings = {
				ASSETCATALOG_COMPILER_APPICON_NAME = AppIcon;
				ASSETCATALOG_COMPILER_GLOBAL_ACCENT_COLOR_NAME = AccentColor;
				CODE_SIGN_STYLE = Automatic;
				CURRENT_PROJECT_VERSION = 1;
				DEVELOPMENT_ASSET_PATHS = "\"SwingMonitor/Preview Content\"";
				DEVELOPMENT_TEAM = M8626F4MGC;
				ENABLE_PREVIEWS = YES;
				GENERATE_INFOPLIST_FILE = YES;
				INFOPLIST_FILE = SwingMonitor/Info.plist;
				INFOPLIST_KEY_UIApplicationSceneManifest_Generation = YES;
				INFOPLIST_KEY_UIApplicationSupportsIndirectInputEvents = YES;
				INFOPLIST_KEY_UILaunchScreen_Generation = YES;
				INFOPLIST_KEY_UISupportedInterfaceOrientations_iPad = "UIInterfaceOrientationPortrait UIInterfaceOrientationPortraitUpsideDown UIInterfaceOrientationLandscapeLeft UIInterfaceOrientationLandscapeRight";
				INFOPLIST_KEY_UISupportedInterfaceOrientations_iPhone = "UIInterfaceOrientationPortrait UIInterfaceOrientationLandscapeLeft UIInterfaceOrientationLandscapeRight";
				LD_RUNPATH_SEARCH_PATHS = (
					"$(inherited)",
					"@executable_path/Frameworks",
				);
				MARKETING_VERSION = 1.0;
				PRODUCT_BUNDLE_IDENTIFIER = koukia.SwingMonitor;
				PRODUCT_NAME = "$(TARGET_NAME)";
				SWIFT_EMIT_LOC_STRINGS = YES;
				SWIFT_VERSION = 5.0;
				TARGETED_DEVICE_FAMILY = "1,2";
			};
			name = Release;
		};
		AB20137C2CBDA65C008D73A7 /* Debug */ = {
			isa = XCBuildConfiguration;
			buildSettings = {
				BUNDLE_LOADER = "$(TEST_HOST)";
				CODE_SIGN_STYLE = Automatic;
				CURRENT_PROJECT_VERSION = 1;
				GENERATE_INFOPLIST_FILE = YES;
				IPHONEOS_DEPLOYMENT_TARGET = 18.0;
				MARKETING_VERSION = 1.0;
				PRODUCT_BUNDLE_IDENTIFIER = koukia.SwingMonitorTests;
				PRODUCT_NAME = "$(TARGET_NAME)";
				SWIFT_EMIT_LOC_STRINGS = NO;
				SWIFT_VERSION = 5.0;
				TARGETED_DEVICE_FAMILY = "1,2";
				TEST_HOST = "$(BUILT_PRODUCTS_DIR)/SwingMonitor.app/$(BUNDLE_EXECUTABLE_FOLDER_PATH)/SwingMonitor";
			};
			name = Debug;
		};
		AB20137D2CBDA65C008D73A7 /* Release */ = {
			isa = XCBuildConfiguration;
			buildSettings = {
				BUNDLE_LOADER = "$(TEST_HOST)";
				CODE_SIGN_STYLE = Automatic;
				CURRENT_PROJECT_VERSION = 1;
				GENERATE_INFOPLIST_FILE = YES;
				IPHONEOS_DEPLOYMENT_TARGET = 18.0;
				MARKETING_VERSION = 1.0;
				PRODUCT_BUNDLE_IDENTIFIER = koukia.SwingMonitorTests;
				PRODUCT_NAME = "$(TARGET_NAME)";
				SWIFT_EMIT_LOC_STRINGS = NO;
				SWIFT_VERSION = 5.0;
				TARGETED_DEVICE_FAMILY = "1,2";
				TEST_HOST = "$(BUILT_PRODUCTS_DIR)/SwingMonitor.app/$(BUNDLE_EXECUTABLE_FOLDER_PATH)/SwingMonitor";
			};
			name = Release;
		};
		AB20137F2CBDA65C008D73A7 /* Debug */ = {
			isa = XCBuildConfiguration;
			buildSettings = {
				CODE_SIGN_STYLE = Automatic;
				CURRENT_PROJECT_VERSION = 1;
				GENERATE_INFOPLIST_FILE = YES;
				MARKETING_VERSION = 1.0;
				PRODUCT_BUNDLE_IDENTIFIER = koukia.SwingMonitorUITests;
				PRODUCT_NAME = "$(TARGET_NAME)";
				SWIFT_EMIT_LOC_STRINGS = NO;
				SWIFT_VERSION = 5.0;
				TARGETED_DEVICE_FAMILY = "1,2";
				TEST_TARGET_NAME = SwingMonitor;
			};
			name = Debug;
		};
		AB2013802CBDA65C008D73A7 /* Release */ = {
			isa = XCBuildConfiguration;
			buildSettings = {
				CODE_SIGN_STYLE = Automatic;
				CURRENT_PROJECT_VERSION = 1;
				GENERATE_INFOPLIST_FILE = YES;
				MARKETING_VERSION = 1.0;
				PRODUCT_BUNDLE_IDENTIFIER = koukia.SwingMonitorUITests;
				PRODUCT_NAME = "$(TARGET_NAME)";
				SWIFT_EMIT_LOC_STRINGS = NO;
				SWIFT_VERSION = 5.0;
				TARGETED_DEVICE_FAMILY = "1,2";
				TEST_TARGET_NAME = SwingMonitor;
			};
			name = Release;
		};
/* End XCBuildConfiguration section */

/* Begin XCConfigurationList section */
		AB20134F2CBDA659008D73A7 /* Build configuration list for PBXProject "SwingMonitor" */ = {
			isa = XCConfigurationList;
			buildConfigurations = (
				AB2013762CBDA65C008D73A7 /* Debug */,
				AB2013772CBDA65C008D73A7 /* Release */,
			);
			defaultConfigurationIsVisible = 0;
			defaultConfigurationName = Release;
		};
		AB2013782CBDA65C008D73A7 /* Build configuration list for PBXNativeTarget "SwingMonitor" */ = {
			isa = XCConfigurationList;
			buildConfigurations = (
				AB2013792CBDA65C008D73A7 /* Debug */,
				AB20137A2CBDA65C008D73A7 /* Release */,
			);
			defaultConfigurationIsVisible = 0;
			defaultConfigurationName = Release;
		};
		AB20137B2CBDA65C008D73A7 /* Build configuration list for PBXNativeTarget "SwingMonitorTests" */ = {
			isa = XCConfigurationList;
			buildConfigurations = (
				AB20137C2CBDA65C008D73A7 /* Debug */,
				AB20137D2CBDA65C008D73A7 /* Release */,
			);
			defaultConfigurationIsVisible = 0;
			defaultConfigurationName = Release;
		};
		AB20137E2CBDA65C008D73A7 /* Build configuration list for PBXNativeTarget "SwingMonitorUITests" */ = {
			isa = XCConfigurationList;
			buildConfigurations = (
				AB20137F2CBDA65C008D73A7 /* Debug */,
				AB2013802CBDA65C008D73A7 /* Release */,
			);
			defaultConfigurationIsVisible = 0;
			defaultConfigurationName = Release;
		};
/* End XCConfigurationList section */
	};
	rootObject = AB20134C2CBDA659008D73A7 /* Project object */;
}
